// !$*UTF8*$!
{
	archiveVersion = 1;
	classes = {
	};
	objectVersion = 50;
	objects = {

/* Begin PBXBuildFile section */
		AA684E202428B62100D130EC /* AppDelegate.m in Sources */ = {isa = PBXBuildFile; fileRef = AA684E1F2428B62100D130EC /* AppDelegate.m */; };
		AA684E232428B62100D130EC /* SceneDelegate.m in Sources */ = {isa = PBXBuildFile; fileRef = AA684E222428B62100D130EC /* SceneDelegate.m */; };
		AA684E262428B62100D130EC /* ViewController.m in Sources */ = {isa = PBXBuildFile; fileRef = AA684E252428B62100D130EC /* ViewController.m */; };
		AA684E292428B62100D130EC /* Main.storyboard in Resources */ = {isa = PBXBuildFile; fileRef = AA684E272428B62100D130EC /* Main.storyboard */; };
		AA684E2B2428B62200D130EC /* Assets.xcassets in Resources */ = {isa = PBXBuildFile; fileRef = AA684E2A2428B62200D130EC /* Assets.xcassets */; };
		AA684E2E2428B62200D130EC /* LaunchScreen.storyboard in Resources */ = {isa = PBXBuildFile; fileRef = AA684E2C2428B62200D130EC /* LaunchScreen.storyboard */; };
		AA684E312428B62200D130EC /* main.m in Sources */ = {isa = PBXBuildFile; fileRef = AA684E302428B62200D130EC /* main.m */; };
/* End PBXBuildFile section */

/* Begin PBXFileReference section */
		AA684E1B2428B62100D130EC /* OptionDemo.app */ = {isa = PBXFileReference; explicitFileType = wrapper.application; includeInIndex = 0; path = OptionDemo.app; sourceTree = BUILT_PRODUCTS_DIR; };
		AA684E1E2428B62100D130EC /* AppDelegate.h */ = {isa = PBXFileReference; lastKnownFileType = sourcecode.c.h; path = AppDelegate.h; sourceTree = "<group>"; };
		AA684E1F2428B62100D130EC /* AppDelegate.m */ = {isa = PBXFileReference; lastKnownFileType = sourcecode.c.objc; path = AppDelegate.m; sourceTree = "<group>"; };
		AA684E212428B62100D130EC /* SceneDelegate.h */ = {isa = PBXFileReference; lastKnownFileType = sourcecode.c.h; path = SceneDelegate.h; sourceTree = "<group>"; };
		AA684E222428B62100D130EC /* SceneDelegate.m */ = {isa = PBXFileReference; lastKnownFileType = sourcecode.c.objc; path = SceneDelegate.m; sourceTree = "<group>"; };
		AA684E242428B62100D130EC /* ViewController.h */ = {isa = PBXFileReference; lastKnownFileType = sourcecode.c.h; path = ViewController.h; sourceTree = "<group>"; };
		AA684E252428B62100D130EC /* ViewController.m */ = {isa = PBXFileReference; lastKnownFileType = sourcecode.c.objc; path = ViewController.m; sourceTree = "<group>"; };
		AA684E282428B62100D130EC /* Base */ = {isa = PBXFileReference; lastKnownFileType = file.storyboard; name = Base; path = Base.lproj/Main.storyboard; sourceTree = "<group>"; };
		AA684E2A2428B62200D130EC /* Assets.xcassets */ = {isa = PBXFileReference; lastKnownFileType = folder.assetcatalog; path = Assets.xcassets; sourceTree = "<group>"; };
		AA684E2D2428B62200D130EC /* Base */ = {isa = PBXFileReference; lastKnownFileType = file.storyboard; name = Base; path = Base.lproj/LaunchScreen.storyboard; sourceTree = "<group>"; };
		AA684E2F2428B62200D130EC /* Info.plist */ = {isa = PBXFileReference; lastKnownFileType = text.plist.xml; path = Info.plist; sourceTree = "<group>"; };
		AA684E302428B62200D130EC /* main.m */ = {isa = PBXFileReference; lastKnownFileType = sourcecode.c.objc; path = main.m; sourceTree = "<group>"; };
/* End PBXFileReference section */

/* Begin PBXFrameworksBuildPhase section */
		AA684E182428B62100D130EC /* Frameworks */ = {
			isa = PBXFrameworksBuildPhase;
			buildActionMask = 2147483647;
			files = (
			);
			runOnlyForDeploymentPostprocessing = 0;
		};
/* End PBXFrameworksBuildPhase section */

/* Begin PBXGroup section */
		AA684E122428B62100D130EC = {
			isa = PBXGroup;
			children = (
				AA684E1D2428B62100D130EC /* OptionDemo */,
				AA684E1C2428B62100D130EC /* Products */,
			);
			sourceTree = "<group>";
		};
		AA684E1C2428B62100D130EC /* Products */ = {
			isa = PBXGroup;
			children = (
				AA684E1B2428B62100D130EC /* OptionDemo.app */,
			);
			name = Products;
			sourceTree = "<group>";
		};
		AA684E1D2428B62100D130EC /* OptionDemo */ = {
			isa = PBXGroup;
			children = (
				AA684E1E2428B62100D130EC /* AppDelegate.h */,
				AA684E1F2428B62100D130EC /* AppDelegate.m */,
				AA684E212428B62100D130EC /* SceneDelegate.h */,
				AA684E222428B62100D130EC /* SceneDelegate.m */,
				AA684E242428B62100D130EC /* ViewController.h */,
				AA684E252428B62100D130EC /* ViewController.m */,
				AA684E272428B62100D130EC /* Main.storyboard */,
				AA684E2A2428B62200D130EC /* Assets.xcassets */,
				AA684E2C2428B62200D130EC /* LaunchScreen.storyboard */,
				AA684E2F2428B62200D130EC /* Info.plist */,
				AA684E302428B62200D130EC /* main.m */,
			);
			path = OptionDemo;
			sourceTree = "<group>";
		};
/* End PBXGroup section */

/* Begin PBXNativeTarget section */
		AA684E1A2428B62100D130EC /* OptionDemo */ = {
			isa = PBXNativeTarget;
			buildConfigurationList = AA684E342428B62200D130EC /* Build configuration list for PBXNativeTarget "OptionDemo" */;
			buildPhases = (
				AA684E172428B62100D130EC /* Sources */,
				AA684E182428B62100D130EC /* Frameworks */,
				AA684E192428B62100D130EC /* Resources */,
			);
			buildRules = (
			);
			dependencies = (
			);
			name = OptionDemo;
			productName = OptionDemo;
			productReference = AA684E1B2428B62100D130EC /* OptionDemo.app */;
			productType = "com.apple.product-type.application";
		};
/* End PBXNativeTarget section */

/* Begin PBXProject section */
		AA684E132428B62100D130EC /* Project object */ = {
			isa = PBXProject;
			attributes = {
				LastUpgradeCheck = 1130;
				ORGANIZATIONNAME = "Liang Dai";
				TargetAttributes = {
					AA684E1A2428B62100D130EC = {
						CreatedOnToolsVersion = 11.3.1;
					};
				};
			};
			buildConfigurationList = AA684E162428B62100D130EC /* Build configuration list for PBXProject "OptionDemo" */;
			compatibilityVersion = "Xcode 9.3";
			developmentRegion = en;
			hasScannedForEncodings = 0;
			knownRegions = (
				en,
				Base,
			);
			mainGroup = AA684E122428B62100D130EC;
			productRefGroup = AA684E1C2428B62100D130EC /* Products */;
			projectDirPath = "";
			projectRoot = "";
			targets = (
				AA684E1A2428B62100D130EC /* OptionDemo */,
			);
		};
/* End PBXProject section */

/* Begin PBXResourcesBuildPhase section */
		AA684E192428B62100D130EC /* Resources */ = {
			isa = PBXResourcesBuildPhase;
			buildActionMask = 2147483647;
			files = (
				AA684E2E2428B62200D130EC /* LaunchScreen.storyboard in Resources */,
				AA684E2B2428B62200D130EC /* Assets.xcassets in Resources */,
				AA684E292428B62100D130EC /* Main.storyboard in Resources */,
			);
			runOnlyForDeploymentPostprocessing = 0;
		};
/* End PBXResourcesBuildPhase section */

/* Begin PBXSourcesBuildPhase section */
		AA684E172428B62100D130EC /* Sources */ = {
			isa = PBXSourcesBuildPhase;
			buildActionMask = 2147483647;
			files = (
				AA684E262428B62100D130EC /* ViewController.m in Sources */,
				AA684E202428B62100D130EC /* AppDelegate.m in Sources */,
				AA684E312428B62200D130EC /* main.m in Sources */,
				AA684E232428B62100D130EC /* SceneDelegate.m in Sources */,
			);
			runOnlyForDeploymentPostprocessing = 0;
		};
/* End PBXSourcesBuildPhase section */

/* Begin PBXVariantGroup section */
		AA684E272428B62100D130EC /* Main.storyboard */ = {
			isa = PBXVariantGroup;
			children = (
				AA684E282428B62100D130EC /* Base */,
			);
			name = Main.storyboard;
			sourceTree = "<group>";
		};
		AA684E2C2428B62200D130EC /* LaunchScreen.storyboard */ = {
			isa = PBXVariantGroup;
			children = (
				AA684E2D2428B62200D130EC /* Base */,
			);
			name = LaunchScreen.storyboard;
			sourceTree = "<group>";
		};
/* End PBXVariantGroup section */

/* Begin XCBuildConfiguration section */
		AA684E322428B62200D130EC /* Debug */ = {
			isa = XCBuildConfiguration;
			buildSettings = {
				ALWAYS_SEARCH_USER_PATHS = NO;
				CLANG_ANALYZER_NONNULL = YES;
				CLANG_ANALYZER_NUMBER_OBJECT_CONVERSION = YES_AGGRESSIVE;
				CLANG_CXX_LANGUAGE_STANDARD = "gnu++14";
				CLANG_CXX_LIBRARY = "libc++";
				CLANG_ENABLE_MODULES = YES;
				CLANG_ENABLE_OBJC_ARC = YES;
				CLANG_ENABLE_OBJC_WEAK = YES;
				CLANG_WARN_BLOCK_CAPTURE_AUTORELEASING = YES;
				CLANG_WARN_BOOL_CONVERSION = YES;
				CLANG_WARN_COMMA = YES;
				CLANG_WARN_CONSTANT_CONVERSION = YES;
				CLANG_WARN_DEPRECATED_OBJC_IMPLEMENTATIONS = YES;
				CLANG_WARN_DIRECT_OBJC_ISA_USAGE = YES_ERROR;
				CLANG_WARN_DOCUMENTATION_COMMENTS = YES;
				CLANG_WARN_EMPTY_BODY = YES;
				CLANG_WARN_ENUM_CONVERSION = YES;
				CLANG_WARN_INFINITE_RECURSION = YES;
				CLANG_WARN_INT_CONVERSION = YES;
				CLANG_WARN_NON_LITERAL_NULL_CONVERSION = YES;
				CLANG_WARN_OBJC_IMPLICIT_RETAIN_SELF = YES;
				CLANG_WARN_OBJC_LITERAL_CONVERSION = YES;
				CLANG_WARN_OBJC_ROOT_CLASS = YES_ERROR;
				CLANG_WARN_RANGE_LOOP_ANALYSIS = YES;
				CLANG_WARN_STRICT_PROTOTYPES = YES;
				CLANG_WARN_SUSPICIOUS_MOVE = YES;
				CLANG_WARN_UNGUARDED_AVAILABILITY = YES_AGGRESSIVE;
				CLANG_WARN_UNREACHABLE_CODE = YES;
				CLANG_WARN__DUPLICATE_METHOD_MATCH = YES;
				COPY_PHASE_STRIP = NO;
				DEBUG_INFORMATION_FORMAT = dwarf;
				ENABLE_STRICT_OBJC_MSGSEND = YES;
				ENABLE_TESTABILITY = YES;
				GCC_C_LANGUAGE_STANDARD = gnu11;
				GCC_DYNAMIC_NO_PIC = NO;
				GCC_NO_COMMON_BLOCKS = YES;
				GCC_OPTIMIZATION_LEVEL = 0;
				GCC_PREPROCESSOR_DEFINITIONS = (
					"DEBUG=1",
					"$(inherited)",
				);
				GCC_WARN_64_TO_32_BIT_CONVERSION = YES;
				GCC_WARN_ABOUT_RETURN_TYPE = YES_ERROR;
				GCC_WARN_UNDECLARED_SELECTOR = YES;
				GCC_WARN_UNINITIALIZED_AUTOS = YES_AGGRESSIVE;
				GCC_WARN_UNUSED_FUNCTION = YES;
				GCC_WARN_UNUSED_VARIABLE = YES;
				IPHONEOS_DEPLOYMENT_TARGET = 13.2;
				MTL_ENABLE_DEBUG_INFO = INCLUDE_SOURCE;
				MTL_FAST_MATH = YES;
				ONLY_ACTIVE_ARCH = YES;
				SDKROOT = iphoneos;
			};
			name = Debug;
		};
		AA684E332428B62200D130EC /* Release */ = {
			isa = XCBuildConfiguration;
			buildSettings = {
				ALWAYS_SEARCH_USER_PATHS = NO;
				CLANG_ANALYZER_NONNULL = YES;
				CLANG_ANALYZER_NUMBER_OBJECT_CONVERSION = YES_AGGRESSIVE;
				CLANG_CXX_LANGUAGE_STANDARD = "gnu++14";
				CLANG_CXX_LIBRARY = "libc++";
				CLANG_ENABLE_MODULES = YES;
				CLANG_ENABLE_OBJC_ARC = YES;
				CLANG_ENABLE_OBJC_WEAK = YES;
				CLANG_WARN_BLOCK_CAPTURE_AUTORELEASING = YES;
				CLANG_WARN_BOOL_CONVERSION = YES;
				CLANG_WARN_COMMA = YES;
				CLANG_WARN_CONSTANT_CONVERSION = YES;
				CLANG_WARN_DEPRECATED_OBJC_IMPLEMENTATIONS = YES;
				CLANG_WARN_DIRECT_OBJC_ISA_USAGE = YES_ERROR;
				CLANG_WARN_DOCUMENTATION_COMMENTS = YES;
				CLANG_WARN_EMPTY_BODY = YES;
				CLANG_WARN_ENUM_CONVERSION = YES;
				CLANG_WARN_INFINITE_RECURSION = YES;
				CLANG_WARN_INT_CONVERSION = YES;
				CLANG_WARN_NON_LITERAL_NULL_CONVERSION = YES;
				CLANG_WARN_OBJC_IMPLICIT_RETAIN_SELF = YES;
				CLANG_WARN_OBJC_LITERAL_CONVERSION = YES;
				CLANG_WARN_OBJC_ROOT_CLASS = YES_ERROR;
				CLANG_WARN_RANGE_LOOP_ANALYSIS = YES;
				CLANG_WARN_STRICT_PROTOTYPES = YES;
				CLANG_WARN_SUSPICIOUS_MOVE = YES;
				CLANG_WARN_UNGUARDED_AVAILABILITY = YES_AGGRESSIVE;
				CLANG_WARN_UNREACHABLE_CODE = YES;
				CLANG_WARN__DUPLICATE_METHOD_MATCH = YES;
				COPY_PHASE_STRIP = NO;
				DEBUG_INFORMATION_FORMAT = "dwarf-with-dsym";
				ENABLE_NS_ASSERTIONS = NO;
				ENABLE_STRICT_OBJC_MSGSEND = YES;
				GCC_C_LANGUAGE_STANDARD = gnu11;
				GCC_NO_COMMON_BLOCKS = YES;
				GCC_WARN_64_TO_32_BIT_CONVERSION = YES;
				GCC_WARN_ABOUT_RETURN_TYPE = YES_ERROR;
				GCC_WARN_UNDECLARED_SELECTOR = YES;
				GCC_WARN_UNINITIALIZED_AUTOS = YES_AGGRESSIVE;
				GCC_WARN_UNUSED_FUNCTION = YES;
				GCC_WARN_UNUSED_VARIABLE = YES;
				IPHONEOS_DEPLOYMENT_TARGET = 13.2;
				MTL_ENABLE_DEBUG_INFO = NO;
				MTL_FAST_MATH = YES;
				SDKROOT = iphoneos;
				VALIDATE_PRODUCT = YES;
			};
			name = Release;
		};
		AA684E352428B62200D130EC /* Debug */ = {
			isa = XCBuildConfiguration;
			buildSettings = {
				ASSETCATALOG_COMPILER_APPICON_NAME = AppIcon;
				CODE_SIGN_STYLE = Automatic;
				DEVELOPMENT_TEAM = N42W8PM58J;
				INFOPLIST_FILE = OptionDemo/Info.plist;
				LD_RUNPATH_SEARCH_PATHS = (
					"$(inherited)",
					"@executable_path/Frameworks",
				);
				PRODUCT_BUNDLE_IDENTIFIER = aaa.OptionDemo;
				PRODUCT_NAME = "$(TARGET_NAME)";
				TARGETED_DEVICE_FAMILY = "1,2";
			};
			name = Debug;
		};
		AA684E362428B62200D130EC /* Release */ = {
			isa = XCBuildConfiguration;
			buildSettings = {
				ASSETCATALOG_COMPILER_APPICON_NAME = AppIcon;
				CODE_SIGN_STYLE = Automatic;
				DEVELOPMENT_TEAM = N42W8PM58J;
				INFOPLIST_FILE = OptionDemo/Info.plist;
				LD_RUNPATH_SEARCH_PATHS = (
					"$(inherited)",
					"@executable_path/Frameworks",
				);
				PRODUCT_BUNDLE_IDENTIFIER = aaa.OptionDemo;
				PRODUCT_NAME = "$(TARGET_NAME)";
				TARGETED_DEVICE_FAMILY = "1,2";
			};
			name = Release;
		};
/* End XCBuildConfiguration section */

/* Begin XCConfigurationList section */
		AA684E162428B62100D130EC /* Build configuration list for PBXProject "OptionDemo" */ = {
			isa = XCConfigurationList;
			buildConfigurations = (
				AA684E322428B62200D130EC /* Debug */,
				AA684E332428B62200D130EC /* Release */,
			);
			defaultConfigurationIsVisible = 0;
			defaultConfigurationName = Release;
		};
		AA684E342428B62200D130EC /* Build configuration list for PBXNativeTarget "OptionDemo" */ = {
			isa = XCConfigurationList;
			buildConfigurations = (
				AA684E352428B62200D130EC /* Debug */,
				AA684E362428B62200D130EC /* Release */,
			);
			defaultConfigurationIsVisible = 0;
			defaultConfigurationName = Release;
		};
/* End XCConfigurationList section */
	};
	rootObject = AA684E132428B62100D130EC /* Project object */;
}
